// !$*UTF8*$!
{
	archiveVersion = 1;
	classes = {
	};
	objectVersion = 50;
	objects = {

/* Begin PBXBuildFile section */
		75C9EF7D257A2784004C8FEF /* AppDelegate.swift in Sources */ = {isa = PBXBuildFile; fileRef = 75C9EF7C257A2784004C8FEF /* AppDelegate.swift */; };
		75C9EF7F257A2784004C8FEF /* SceneDelegate.swift in Sources */ = {isa = PBXBuildFile; fileRef = 75C9EF7E257A2784004C8FEF /* SceneDelegate.swift */; };
		75C9EF81257A2784004C8FEF /* ViewController.swift in Sources */ = {isa = PBXBuildFile; fileRef = 75C9EF80257A2784004C8FEF /* ViewController.swift */; };
		75C9EF84257A2784004C8FEF /* Main.storyboard in Resources */ = {isa = PBXBuildFile; fileRef = 75C9EF82257A2784004C8FEF /* Main.storyboard */; };
		75C9EF87257A2784004C8FEF /* NumberFactsApp.xcdatamodeld in Sources */ = {isa = PBXBuildFile; fileRef = 75C9EF85257A2784004C8FEF /* NumberFactsApp.xcdatamodeld */; };
		75C9EF89257A2786004C8FEF /* Assets.xcassets in Resources */ = {isa = PBXBuildFile; fileRef = 75C9EF88257A2786004C8FEF /* Assets.xcassets */; };
		75C9EF8C257A2786004C8FEF /* LaunchScreen.storyboard in Resources */ = {isa = PBXBuildFile; fileRef = 75C9EF8A257A2786004C8FEF /* LaunchScreen.storyboard */; };
		75C9EF9D257A56C1004C8FEF /* Fact+CoreDataClass.swift in Sources */ = {isa = PBXBuildFile; fileRef = 75C9EF9B257A56C1004C8FEF /* Fact+CoreDataClass.swift */; };
		75C9EF9E257A56C1004C8FEF /* Fact+CoreDataProperties.swift in Sources */ = {isa = PBXBuildFile; fileRef = 75C9EF9C257A56C1004C8FEF /* Fact+CoreDataProperties.swift */; };
		75C9EFAD257A5E6D004C8FEF /* SavedScreenView.swift in Sources */ = {isa = PBXBuildFile; fileRef = 75C9EFAC257A5E6D004C8FEF /* SavedScreenView.swift */; };
		75C9EFB7257A75C9004C8FEF /* SettingsScreen.swift in Sources */ = {isa = PBXBuildFile; fileRef = 75C9EFB6257A75C9004C8FEF /* SettingsScreen.swift */; };
		75C9EFBB257A8380004C8FEF /* Bloop.mp3 in Resources */ = {isa = PBXBuildFile; fileRef = 75C9EFBA257A8380004C8FEF /* Bloop.mp3 */; };
/* End PBXBuildFile section */

/* Begin PBXFileReference section */
		75C9EF79257A2784004C8FEF /* NumberFactsApp.app */ = {isa = PBXFileReference; explicitFileType = wrapper.application; includeInIndex = 0; path = NumberFactsApp.app; sourceTree = BUILT_PRODUCTS_DIR; };
		75C9EF7C257A2784004C8FEF /* AppDelegate.swift */ = {isa = PBXFileReference; lastKnownFileType = sourcecode.swift; path = AppDelegate.swift; sourceTree = "<group>"; };
		75C9EF7E257A2784004C8FEF /* SceneDelegate.swift */ = {isa = PBXFileReference; lastKnownFileType = sourcecode.swift; path = SceneDelegate.swift; sourceTree = "<group>"; };
		75C9EF80257A2784004C8FEF /* ViewController.swift */ = {isa = PBXFileReference; lastKnownFileType = sourcecode.swift; path = ViewController.swift; sourceTree = "<group>"; };
		75C9EF83257A2784004C8FEF /* Base */ = {isa = PBXFileReference; lastKnownFileType = file.storyboard; name = Base; path = Base.lproj/Main.storyboard; sourceTree = "<group>"; };
		75C9EF86257A2784004C8FEF /* NumberFactsApp.xcdatamodel */ = {isa = PBXFileReference; lastKnownFileType = wrapper.xcdatamodel; path = NumberFactsApp.xcdatamodel; sourceTree = "<group>"; };
		75C9EF88257A2786004C8FEF /* Assets.xcassets */ = {isa = PBXFileReference; lastKnownFileType = folder.assetcatalog; path = Assets.xcassets; sourceTree = "<group>"; };
		75C9EF8B257A2786004C8FEF /* Base */ = {isa = PBXFileReference; lastKnownFileType = file.storyboard; name = Base; path = Base.lproj/LaunchScreen.storyboard; sourceTree = "<group>"; };
		75C9EF8D257A2786004C8FEF /* Info.plist */ = {isa = PBXFileReference; lastKnownFileType = text.plist.xml; path = Info.plist; sourceTree = "<group>"; };
		75C9EF9B257A56C1004C8FEF /* Fact+CoreDataClass.swift */ = {isa = PBXFileReference; lastKnownFileType = sourcecode.swift; path = "Fact+CoreDataClass.swift"; sourceTree = "<group>"; };
		75C9EF9C257A56C1004C8FEF /* Fact+CoreDataProperties.swift */ = {isa = PBXFileReference; lastKnownFileType = sourcecode.swift; path = "Fact+CoreDataProperties.swift"; sourceTree = "<group>"; };
		75C9EFAC257A5E6D004C8FEF /* SavedScreenView.swift */ = {isa = PBXFileReference; lastKnownFileType = sourcecode.swift; path = SavedScreenView.swift; sourceTree = "<group>"; };
		75C9EFB6257A75C9004C8FEF /* SettingsScreen.swift */ = {isa = PBXFileReference; lastKnownFileType = sourcecode.swift; path = SettingsScreen.swift; sourceTree = "<group>"; };
		75C9EFBA257A8380004C8FEF /* Bloop.mp3 */ = {isa = PBXFileReference; lastKnownFileType = audio.mp3; path = Bloop.mp3; sourceTree = "<group>"; };
/* End PBXFileReference section */

/* Begin PBXFrameworksBuildPhase section */
		75C9EF76257A2784004C8FEF /* Frameworks */ = {
			isa = PBXFrameworksBuildPhase;
			buildActionMask = 2147483647;
			files = (
			);
			runOnlyForDeploymentPostprocessing = 0;
		};
/* End PBXFrameworksBuildPhase section */

/* Begin PBXGroup section */
		75C9EF70257A2784004C8FEF = {
			isa = PBXGroup;
			children = (
				75C9EFA0257A56C9004C8FEF /* Module */,
				75C9EF7B257A2784004C8FEF /* NumberFactsApp */,
				75C9EF7A257A2784004C8FEF /* Products */,
			);
			sourceTree = "<group>";
		};
		75C9EF7A257A2784004C8FEF /* Products */ = {
			isa = PBXGroup;
			children = (
				75C9EF79257A2784004C8FEF /* NumberFactsApp.app */,
			);
			name = Products;
			sourceTree = "<group>";
		};
		75C9EF7B257A2784004C8FEF /* NumberFactsApp */ = {
			isa = PBXGroup;
			children = (
				75C9EFB9257A8364004C8FEF /* Asset */,
				75C9EF98257A530C004C8FEF /* Views */,
				75C9EF7C257A2784004C8FEF /* AppDelegate.swift */,
				75C9EF7E257A2784004C8FEF /* SceneDelegate.swift */,
				75C9EF82257A2784004C8FEF /* Main.storyboard */,
				75C9EF88257A2786004C8FEF /* Assets.xcassets */,
				75C9EF8A257A2786004C8FEF /* LaunchScreen.storyboard */,
				75C9EF8D257A2786004C8FEF /* Info.plist */,
				75C9EF85257A2784004C8FEF /* NumberFactsApp.xcdatamodeld */,
			);
			path = NumberFactsApp;
			sourceTree = "<group>";
		};
		75C9EF98257A530C004C8FEF /* Views */ = {
			isa = PBXGroup;
			children = (
				75C9EF80257A2784004C8FEF /* ViewController.swift */,
				75C9EFAC257A5E6D004C8FEF /* SavedScreenView.swift */,
				75C9EFB6257A75C9004C8FEF /* SettingsScreen.swift */,
			);
			name = Views;
			sourceTree = "<group>";
		};
		75C9EFA0257A56C9004C8FEF /* Module */ = {
			isa = PBXGroup;
			children = (
				75C9EF9B257A56C1004C8FEF /* Fact+CoreDataClass.swift */,
				75C9EF9C257A56C1004C8FEF /* Fact+CoreDataProperties.swift */,
			);
			name = Module;
			sourceTree = "<group>";
		};
		75C9EFB9257A8364004C8FEF /* Asset */ = {
			isa = PBXGroup;
			children = (
				75C9EFBA257A8380004C8FEF /* Bloop.mp3 */,
			);
			name = Asset;
			sourceTree = "<group>";
		};
/* End PBXGroup section */

/* Begin PBXNativeTarget section */
		75C9EF78257A2784004C8FEF /* NumberFactsApp */ = {
			isa = PBXNativeTarget;
			buildConfigurationList = 75C9EF90257A2786004C8FEF /* Build configuration list for PBXNativeTarget "NumberFactsApp" */;
			buildPhases = (
				75C9EF75257A2784004C8FEF /* Sources */,
				75C9EF76257A2784004C8FEF /* Frameworks */,
				75C9EF77257A2784004C8FEF /* Resources */,
			);
			buildRules = (
			);
			dependencies = (
			);
			name = NumberFactsApp;
			productName = NumberFactsApp;
			productReference = 75C9EF79257A2784004C8FEF /* NumberFactsApp.app */;
			productType = "com.apple.product-type.application";
		};
/* End PBXNativeTarget section */

/* Begin PBXProject section */
		75C9EF71257A2784004C8FEF /* Project object */ = {
			isa = PBXProject;
			attributes = {
				LastSwiftUpdateCheck = 1220;
				LastUpgradeCheck = 1220;
				TargetAttributes = {
					75C9EF78257A2784004C8FEF = {
						CreatedOnToolsVersion = 12.2;
					};
				};
			};
			buildConfigurationList = 75C9EF74257A2784004C8FEF /* Build configuration list for PBXProject "NumberFactsApp" */;
			compatibilityVersion = "Xcode 9.3";
			developmentRegion = en;
			hasScannedForEncodings = 0;
			knownRegions = (
				en,
				Base,
			);
			mainGroup = 75C9EF70257A2784004C8FEF;
			productRefGroup = 75C9EF7A257A2784004C8FEF /* Products */;
			projectDirPath = "";
			projectRoot = "";
			targets = (
				75C9EF78257A2784004C8FEF /* NumberFactsApp */,
			);
		};
/* End PBXProject section */

/* Begin PBXResourcesBuildPhase section */
		75C9EF77257A2784004C8FEF /* Resources */ = {
			isa = PBXResourcesBuildPhase;
			buildActionMask = 2147483647;
			files = (
				75C9EF8C257A2786004C8FEF /* LaunchScreen.storyboard in Resources */,
				75C9EF89257A2786004C8FEF /* Assets.xcassets in Resources */,
				75C9EFBB257A8380004C8FEF /* Bloop.mp3 in Resources */,
				75C9EF84257A2784004C8FEF /* Main.storyboard in Resources */,
			);
			runOnlyForDeploymentPostprocessing = 0;
		};
/* End PBXResourcesBuildPhase section */

/* Begin PBXSourcesBuildPhase section */
		75C9EF75257A2784004C8FEF /* Sources */ = {
			isa = PBXSourcesBuildPhase;
			buildActionMask = 2147483647;
			files = (
				75C9EFB7257A75C9004C8FEF /* SettingsScreen.swift in Sources */,
				75C9EFAD257A5E6D004C8FEF /* SavedScreenView.swift in Sources */,
				75C9EF9D257A56C1004C8FEF /* Fact+CoreDataClass.swift in Sources */,
				75C9EF81257A2784004C8FEF /* ViewController.swift in Sources */,
				75C9EF7D257A2784004C8FEF /* AppDelegate.swift in Sources */,
				75C9EF9E257A56C1004C8FEF /* Fact+CoreDataProperties.swift in Sources */,
				75C9EF87257A2784004C8FEF /* NumberFactsApp.xcdatamodeld in Sources */,
				75C9EF7F257A2784004C8FEF /* SceneDelegate.swift in Sources */,
			);
			runOnlyForDeploymentPostprocessing = 0;
		};
/* End PBXSourcesBuildPhase section */

/* Begin PBXVariantGroup section */
		75C9EF82257A2784004C8FEF /* Main.storyboard */ = {
			isa = PBXVariantGroup;
			children = (
				75C9EF83257A2784004C8FEF /* Base */,
			);
			name = Main.storyboard;
			sourceTree = "<group>";
		};
		75C9EF8A257A2786004C8FEF /* LaunchScreen.storyboard */ = {
			isa = PBXVariantGroup;
			children = (
				75C9EF8B257A2786004C8FEF /* Base */,
			);
			name = LaunchScreen.storyboard;
			sourceTree = "<group>";
		};
/* End PBXVariantGroup section */

/* Begin XCBuildConfiguration section */
		75C9EF8E257A2786004C8FEF /* Debug */ = {
			isa = XCBuildConfiguration;
			buildSettings = {
				ALWAYS_SEARCH_USER_PATHS = NO;
				CLANG_ANALYZER_NONNULL = YES;
				CLANG_ANALYZER_NUMBER_OBJECT_CONVERSION = YES_AGGRESSIVE;
				CLANG_CXX_LANGUAGE_STANDARD = "gnu++14";
				CLANG_CXX_LIBRARY = "libc++";
				CLANG_ENABLE_MODULES = YES;
				CLANG_ENABLE_OBJC_ARC = YES;
				CLANG_ENABLE_OBJC_WEAK = YES;
				CLANG_WARN_BLOCK_CAPTURE_AUTORELEASING = YES;
				CLANG_WARN_BOOL_CONVERSION = YES;
				CLANG_WARN_COMMA = YES;
				CLANG_WARN_CONSTANT_CONVERSION = YES;
				CLANG_WARN_DEPRECATED_OBJC_IMPLEMENTATIONS = YES;
				CLANG_WARN_DIRECT_OBJC_ISA_USAGE = YES_ERROR;
				CLANG_WARN_DOCUMENTATION_COMMENTS = YES;
				CLANG_WARN_EMPTY_BODY = YES;
				CLANG_WARN_ENUM_CONVERSION = YES;
				CLANG_WARN_INFINITE_RECURSION = YES;
				CLANG_WARN_INT_CONVERSION = YES;
				CLANG_WARN_NON_LITERAL_NULL_CONVERSION = YES;
				CLANG_WARN_OBJC_IMPLICIT_RETAIN_SELF = YES;
				CLANG_WARN_OBJC_LITERAL_CONVERSION = YES;
				CLANG_WARN_OBJC_ROOT_CLASS = YES_ERROR;
				CLANG_WARN_QUOTED_INCLUDE_IN_FRAMEWORK_HEADER = YES;
				CLANG_WARN_RANGE_LOOP_ANALYSIS = YES;
				CLANG_WARN_STRICT_PROTOTYPES = YES;
				CLANG_WARN_SUSPICIOUS_MOVE = YES;
				CLANG_WARN_UNGUARDED_AVAILABILITY = YES_AGGRESSIVE;
				CLANG_WARN_UNREACHABLE_CODE = YES;
				CLANG_WARN__DUPLICATE_METHOD_MATCH = YES;
				COPY_PHASE_STRIP = NO;
				DEBUG_INFORMATION_FORMAT = dwarf;
				ENABLE_STRICT_OBJC_MSGSEND = YES;
				ENABLE_TESTABILITY = YES;
				GCC_C_LANGUAGE_STANDARD = gnu11;
				GCC_DYNAMIC_NO_PIC = NO;
				GCC_NO_COMMON_BLOCKS = YES;
				GCC_OPTIMIZATION_LEVEL = 0;
				GCC_PREPROCESSOR_DEFINITIONS = (
					"DEBUG=1",
					"$(inherited)",
				);
				GCC_WARN_64_TO_32_BIT_CONVERSION = YES;
				GCC_WARN_ABOUT_RETURN_TYPE = YES_ERROR;
				GCC_WARN_UNDECLARED_SELECTOR = YES;
				GCC_WARN_UNINITIALIZED_AUTOS = YES_AGGRESSIVE;
				GCC_WARN_UNUSED_FUNCTION = YES;
				GCC_WARN_UNUSED_VARIABLE = YES;
				IPHONEOS_DEPLOYMENT_TARGET = 14.2;
				MTL_ENABLE_DEBUG_INFO = INCLUDE_SOURCE;
				MTL_FAST_MATH = YES;
				ONLY_ACTIVE_ARCH = YES;
				SDKROOT = iphoneos;
				SWIFT_ACTIVE_COMPILATION_CONDITIONS = DEBUG;
				SWIFT_OPTIMIZATION_LEVEL = "-Onone";
			};
			name = Debug;
		};
		75C9EF8F257A2786004C8FEF /* Release */ = {
			isa = XCBuildConfiguration;
			buildSettings = {
				ALWAYS_SEARCH_USER_PATHS = NO;
				CLANG_ANALYZER_NONNULL = YES;
				CLANG_ANALYZER_NUMBER_OBJECT_CONVERSION = YES_AGGRESSIVE;
				CLANG_CXX_LANGUAGE_STANDARD = "gnu++14";
				CLANG_CXX_LIBRARY = "libc++";
				CLANG_ENABLE_MODULES = YES;
				CLANG_ENABLE_OBJC_ARC = YES;
				CLANG_ENABLE_OBJC_WEAK = YES;
				CLANG_WARN_BLOCK_CAPTURE_AUTORELEASING = YES;
				CLANG_WARN_BOOL_CONVERSION = YES;
				CLANG_WARN_COMMA = YES;
				CLANG_WARN_CONSTANT_CONVERSION = YES;
				CLANG_WARN_DEPRECATED_OBJC_IMPLEMENTATIONS = YES;
				CLANG_WARN_DIRECT_OBJC_ISA_USAGE = YES_ERROR;
				CLANG_WARN_DOCUMENTATION_COMMENTS = YES;
				CLANG_WARN_EMPTY_BODY = YES;
				CLANG_WARN_ENUM_CONVERSION = YES;
				CLANG_WARN_INFINITE_RECURSION = YES;
				CLANG_WARN_INT_CONVERSION = YES;
				CLANG_WARN_NON_LITERAL_NULL_CONVERSION = YES;
				CLANG_WARN_OBJC_IMPLICIT_RETAIN_SELF = YES;
				CLANG_WARN_OBJC_LITERAL_CONVERSION = YES;
				CLANG_WARN_OBJC_ROOT_CLASS = YES_ERROR;
				CLANG_WARN_QUOTED_INCLUDE_IN_FRAMEWORK_HEADER = YES;
				CLANG_WARN_RANGE_LOOP_ANALYSIS = YES;
				CLANG_WARN_STRICT_PROTOTYPES = YES;
				CLANG_WARN_SUSPICIOUS_MOVE = YES;
				CLANG_WARN_UNGUARDED_AVAILABILITY = YES_AGGRESSIVE;
				CLANG_WARN_UNREACHABLE_CODE = YES;
				CLANG_WARN__DUPLICATE_METHOD_MATCH = YES;
				COPY_PHASE_STRIP = NO;
				DEBUG_INFORMATION_FORMAT = "dwarf-with-dsym";
				ENABLE_NS_ASSERTIONS = NO;
				ENABLE_STRICT_OBJC_MSGSEND = YES;
				GCC_C_LANGUAGE_STANDARD = gnu11;
				GCC_NO_COMMON_BLOCKS = YES;
				GCC_WARN_64_TO_32_BIT_CONVERSION = YES;
				GCC_WARN_ABOUT_RETURN_TYPE = YES_ERROR;
				GCC_WARN_UNDECLARED_SELECTOR = YES;
				GCC_WARN_UNINITIALIZED_AUTOS = YES_AGGRESSIVE;
				GCC_WARN_UNUSED_FUNCTION = YES;
				GCC_WARN_UNUSED_VARIABLE = YES;
				IPHONEOS_DEPLOYMENT_TARGET = 14.2;
				MTL_ENABLE_DEBUG_INFO = NO;
				MTL_FAST_MATH = YES;
				SDKROOT = iphoneos;
				SWIFT_COMPILATION_MODE = wholemodule;
				SWIFT_OPTIMIZATION_LEVEL = "-O";
				VALIDATE_PRODUCT = YES;
			};
			name = Release;
		};
		75C9EF91257A2786004C8FEF /* Debug */ = {
			isa = XCBuildConfiguration;
			buildSettings = {
				ASSETCATALOG_COMPILER_APPICON_NAME = AppIcon;
				ASSETCATALOG_COMPILER_GLOBAL_ACCENT_COLOR_NAME = AccentColor;
				CODE_SIGN_STYLE = Automatic;
				DEVELOPMENT_TEAM = J7ZWS8YQW3;
				INFOPLIST_FILE = NumberFactsApp/Info.plist;
				LD_RUNPATH_SEARCH_PATHS = (
					"$(inherited)",
					"@executable_path/Frameworks",
				);
				PRODUCT_BUNDLE_IDENTIFIER = Codepath.NumberFactsApp;
				PRODUCT_NAME = "$(TARGET_NAME)";
				SWIFT_VERSION = 5.0;
				TARGETED_DEVICE_FAMILY = "1,2";
			};
			name = Debug;
		};
		75C9EF92257A2786004C8FEF /* Release */ = {
			isa = XCBuildConfiguration;
			buildSettings = {
				ASSETCATALOG_COMPILER_APPICON_NAME = AppIcon;
				ASSETCATALOG_COMPILER_GLOBAL_ACCENT_COLOR_NAME = AccentColor;
				CODE_SIGN_STYLE = Automatic;
				DEVELOPMENT_TEAM = J7ZWS8YQW3;
				INFOPLIST_FILE = NumberFactsApp/Info.plist;
				LD_RUNPATH_SEARCH_PATHS = (
					"$(inherited)",
					"@executable_path/Frameworks",
				);
				PRODUCT_BUNDLE_IDENTIFIER = Codepath.NumberFactsApp;
				PRODUCT_NAME = "$(TARGET_NAME)";
				SWIFT_VERSION = 5.0;
				TARGETED_DEVICE_FAMILY = "1,2";
			};
			name = Release;
		};
/* End XCBuildConfiguration section */

/* Begin XCConfigurationList section */
		75C9EF74257A2784004C8FEF /* Build configuration list for PBXProject "NumberFactsApp" */ = {
			isa = XCConfigurationList;
			buildConfigurations = (
				75C9EF8E257A2786004C8FEF /* Debug */,
				75C9EF8F257A2786004C8FEF /* Release */,
			);
			defaultConfigurationIsVisible = 0;
			defaultConfigurationName = Release;
		};
		75C9EF90257A2786004C8FEF /* Build configuration list for PBXNativeTarget "NumberFactsApp" */ = {
			isa = XCConfigurationList;
			buildConfigurations = (
				75C9EF91257A2786004C8FEF /* Debug */,
				75C9EF92257A2786004C8FEF /* Release */,
			);
			defaultConfigurationIsVisible = 0;
			defaultConfigurationName = Release;
		};
/* End XCConfigurationList section */

/* Begin XCVersionGroup section */
		75C9EF85257A2784004C8FEF /* NumberFactsApp.xcdatamodeld */ = {
			isa = XCVersionGroup;
			children = (
				75C9EF86257A2784004C8FEF /* NumberFactsApp.xcdatamodel */,
			);
			currentVersion = 75C9EF86257A2784004C8FEF /* NumberFactsApp.xcdatamodel */;
			path = NumberFactsApp.xcdatamodeld;
			sourceTree = "<group>";
			versionGroupType = wrapper.xcdatamodel;
		};
/* End XCVersionGroup section */
	};
	rootObject = 75C9EF71257A2784004C8FEF /* Project object */;
}
